
Microsoft Visual Studio Solution File, Format Version 12.00
# Visual Studio Version 17
VisualStudioVersion = 17.8.34219.65
MinimumVisualStudioVersion = 10.0.40219.1
Project("{FAE04EC0-301F-11D3-BF4B-00C04F79EFBC}") = "XmlParser.Main", "XmlParser.Main\XmlParser.Main.csproj", "{98E1D342-9912-4694-B53F-C3D9EA1ED85A}"
EndProject
Global
	GlobalSection(SolutionConfigurationPlatforms) = preSolution
		Debug|Any CPU = Debug|Any CPU
		Release|Any CPU = Release|Any CPU
	EndGlobalSection
	GlobalSection(ProjectConfigurationPlatforms) = postSolution
		{98E1D342-9912-4694-B53F-C3D9EA1ED85A}.Debug|Any CPU.ActiveCfg = Debug|Any CPU
		{98E1D342-9912-4694-B53F-C3D9EA1ED85A}.Debug|Any CPU.Build.0 = Debug|Any CPU
		{98E1D342-9912-4694-B53F-C3D9EA1ED85A}.Release|Any CPU.ActiveCfg = Release|Any CPU
		{98E1D342-9912-4694-B53F-C3D9EA1ED85A}.Release|Any CPU.Build.0 = Release|Any CPU
	EndGlobalSection
	GlobalSection(SolutionProperties) = preSolution
		HideSolutionNode = FALSE
	EndGlobalSection
	GlobalSection(ExtensibilityGlobals) = postSolution
		SolutionGuid = {D502C3FA-73DC-444A-9212-7E2435D721A7}
	EndGlobalSection
EndGlobal
